// !$*UTF8*$!
{
	archiveVersion = 1;
	classes = {
	};
	objectVersion = 56;
	objects = {

/* Begin PBXBuildFile section */
		B8CED3C52A6AE7390090ED54 /* AppDelegate.swift in Sources */ = {isa = PBXBuildFile; fileRef = B8CED3C42A6AE7390090ED54 /* AppDelegate.swift */; };
		B8CED3C72A6AE7390090ED54 /* SceneDelegate.swift in Sources */ = {isa = PBXBuildFile; fileRef = B8CED3C62A6AE7390090ED54 /* SceneDelegate.swift */; };
		B8CED3C92A6AE7390090ED54 /* ViewController.swift in Sources */ = {isa = PBXBuildFile; fileRef = B8CED3C82A6AE7390090ED54 /* ViewController.swift */; };
		B8CED3CC2A6AE7390090ED54 /* Main.storyboard in Resources */ = {isa = PBXBuildFile; fileRef = B8CED3CA2A6AE7390090ED54 /* Main.storyboard */; };
		B8CED3CE2A6AE73B0090ED54 /* Assets.xcassets in Resources */ = {isa = PBXBuildFile; fileRef = B8CED3CD2A6AE73B0090ED54 /* Assets.xcassets */; };
		B8CED3D12A6AE73B0090ED54 /* LaunchScreen.storyboard in Resources */ = {isa = PBXBuildFile; fileRef = B8CED3CF2A6AE73B0090ED54 /* LaunchScreen.storyboard */; };
		B8CED3DC2A6AE73B0090ED54 /* GlobalNewsAppTests.swift in Sources */ = {isa = PBXBuildFile; fileRef = B8CED3DB2A6AE73B0090ED54 /* GlobalNewsAppTests.swift */; };
		B8CED3E62A6AE73B0090ED54 /* GlobalNewsAppUITests.swift in Sources */ = {isa = PBXBuildFile; fileRef = B8CED3E52A6AE73B0090ED54 /* GlobalNewsAppUITests.swift */; };
		B8CED3E82A6AE73B0090ED54 /* GlobalNewsAppUITestsLaunchTests.swift in Sources */ = {isa = PBXBuildFile; fileRef = B8CED3E72A6AE73B0090ED54 /* GlobalNewsAppUITestsLaunchTests.swift */; };
/* End PBXBuildFile section */

/* Begin PBXContainerItemProxy section */
		B8CED3D82A6AE73B0090ED54 /* PBXContainerItemProxy */ = {
			isa = PBXContainerItemProxy;
			containerPortal = B8CED3B92A6AE7390090ED54 /* Project object */;
			proxyType = 1;
			remoteGlobalIDString = B8CED3C02A6AE7390090ED54;
			remoteInfo = GlobalNewsApp;
		};
		B8CED3E22A6AE73B0090ED54 /* PBXContainerItemProxy */ = {
			isa = PBXContainerItemProxy;
			containerPortal = B8CED3B92A6AE7390090ED54 /* Project object */;
			proxyType = 1;
			remoteGlobalIDString = B8CED3C02A6AE7390090ED54;
			remoteInfo = GlobalNewsApp;
		};
/* End PBXContainerItemProxy section */

/* Begin PBXFileReference section */
		B8CED3C12A6AE7390090ED54 /* GlobalNewsApp.app */ = {isa = PBXFileReference; explicitFileType = wrapper.application; includeInIndex = 0; path = GlobalNewsApp.app; sourceTree = BUILT_PRODUCTS_DIR; };
		B8CED3C42A6AE7390090ED54 /* AppDelegate.swift */ = {isa = PBXFileReference; lastKnownFileType = sourcecode.swift; path = AppDelegate.swift; sourceTree = "<group>"; };
		B8CED3C62A6AE7390090ED54 /* SceneDelegate.swift */ = {isa = PBXFileReference; lastKnownFileType = sourcecode.swift; path = SceneDelegate.swift; sourceTree = "<group>"; };
		B8CED3C82A6AE7390090ED54 /* ViewController.swift */ = {isa = PBXFileReference; lastKnownFileType = sourcecode.swift; path = ViewController.swift; sourceTree = "<group>"; };
		B8CED3CB2A6AE7390090ED54 /* Base */ = {isa = PBXFileReference; lastKnownFileType = file.storyboard; name = Base; path = Base.lproj/Main.storyboard; sourceTree = "<group>"; };
		B8CED3CD2A6AE73B0090ED54 /* Assets.xcassets */ = {isa = PBXFileReference; lastKnownFileType = folder.assetcatalog; path = Assets.xcassets; sourceTree = "<group>"; };
		B8CED3D02A6AE73B0090ED54 /* Base */ = {isa = PBXFileReference; lastKnownFileType = file.storyboard; name = Base; path = Base.lproj/LaunchScreen.storyboard; sourceTree = "<group>"; };
		B8CED3D22A6AE73B0090ED54 /* Info.plist */ = {isa = PBXFileReference; lastKnownFileType = text.plist.xml; path = Info.plist; sourceTree = "<group>"; };
		B8CED3D72A6AE73B0090ED54 /* GlobalNewsAppTests.xctest */ = {isa = PBXFileReference; explicitFileType = wrapper.cfbundle; includeInIndex = 0; path = GlobalNewsAppTests.xctest; sourceTree = BUILT_PRODUCTS_DIR; };
		B8CED3DB2A6AE73B0090ED54 /* GlobalNewsAppTests.swift */ = {isa = PBXFileReference; lastKnownFileType = sourcecode.swift; path = GlobalNewsAppTests.swift; sourceTree = "<group>"; };
		B8CED3E12A6AE73B0090ED54 /* GlobalNewsAppUITests.xctest */ = {isa = PBXFileReference; explicitFileType = wrapper.cfbundle; includeInIndex = 0; path = GlobalNewsAppUITests.xctest; sourceTree = BUILT_PRODUCTS_DIR; };
		B8CED3E52A6AE73B0090ED54 /* GlobalNewsAppUITests.swift */ = {isa = PBXFileReference; lastKnownFileType = sourcecode.swift; path = GlobalNewsAppUITests.swift; sourceTree = "<group>"; };
		B8CED3E72A6AE73B0090ED54 /* GlobalNewsAppUITestsLaunchTests.swift */ = {isa = PBXFileReference; lastKnownFileType = sourcecode.swift; path = GlobalNewsAppUITestsLaunchTests.swift; sourceTree = "<group>"; };
/* End PBXFileReference section */

/* Begin PBXFrameworksBuildPhase section */
		B8CED3BE2A6AE7390090ED54 /* Frameworks */ = {
			isa = PBXFrameworksBuildPhase;
			buildActionMask = 2147483647;
			files = (
			);
			runOnlyForDeploymentPostprocessing = 0;
		};
		B8CED3D42A6AE73B0090ED54 /* Frameworks */ = {
			isa = PBXFrameworksBuildPhase;
			buildActionMask = 2147483647;
			files = (
			);
			runOnlyForDeploymentPostprocessing = 0;
		};
		B8CED3DE2A6AE73B0090ED54 /* Frameworks */ = {
			isa = PBXFrameworksBuildPhase;
			buildActionMask = 2147483647;
			files = (
			);
			runOnlyForDeploymentPostprocessing = 0;
		};
/* End PBXFrameworksBuildPhase section */

/* Begin PBXGroup section */
		B8CED3B82A6AE7390090ED54 = {
			isa = PBXGroup;
			children = (
				B8CED3C32A6AE7390090ED54 /* GlobalNewsApp */,
				B8CED3DA2A6AE73B0090ED54 /* GlobalNewsAppTests */,
				B8CED3E42A6AE73B0090ED54 /* GlobalNewsAppUITests */,
				B8CED3C22A6AE7390090ED54 /* Products */,
			);
			sourceTree = "<group>";
		};
		B8CED3C22A6AE7390090ED54 /* Products */ = {
			isa = PBXGroup;
			children = (
				B8CED3C12A6AE7390090ED54 /* GlobalNewsApp.app */,
				B8CED3D72A6AE73B0090ED54 /* GlobalNewsAppTests.xctest */,
				B8CED3E12A6AE73B0090ED54 /* GlobalNewsAppUITests.xctest */,
			);
			name = Products;
			sourceTree = "<group>";
		};
		B8CED3C32A6AE7390090ED54 /* GlobalNewsApp */ = {
			isa = PBXGroup;
			children = (
				B8CED3C42A6AE7390090ED54 /* AppDelegate.swift */,
				B8CED3C62A6AE7390090ED54 /* SceneDelegate.swift */,
				B8CED3C82A6AE7390090ED54 /* ViewController.swift */,
				B8CED3CA2A6AE7390090ED54 /* Main.storyboard */,
				B8CED3CD2A6AE73B0090ED54 /* Assets.xcassets */,
				B8CED3CF2A6AE73B0090ED54 /* LaunchScreen.storyboard */,
				B8CED3D22A6AE73B0090ED54 /* Info.plist */,
			);
			path = GlobalNewsApp;
			sourceTree = "<group>";
		};
		B8CED3DA2A6AE73B0090ED54 /* GlobalNewsAppTests */ = {
			isa = PBXGroup;
			children = (
				B8CED3DB2A6AE73B0090ED54 /* GlobalNewsAppTests.swift */,
			);
			path = GlobalNewsAppTests;
			sourceTree = "<group>";
		};
		B8CED3E42A6AE73B0090ED54 /* GlobalNewsAppUITests */ = {
			isa = PBXGroup;
			children = (
				B8CED3E52A6AE73B0090ED54 /* GlobalNewsAppUITests.swift */,
				B8CED3E72A6AE73B0090ED54 /* GlobalNewsAppUITestsLaunchTests.swift */,
			);
			path = GlobalNewsAppUITests;
			sourceTree = "<group>";
		};
/* End PBXGroup section */

/* Begin PBXNativeTarget section */
		B8CED3C02A6AE7390090ED54 /* GlobalNewsApp */ = {
			isa = PBXNativeTarget;
			buildConfigurationList = B8CED3EB2A6AE73B0090ED54 /* Build configuration list for PBXNativeTarget "GlobalNewsApp" */;
			buildPhases = (
				B8CED3BD2A6AE7390090ED54 /* Sources */,
				B8CED3BE2A6AE7390090ED54 /* Frameworks */,
				B8CED3BF2A6AE7390090ED54 /* Resources */,
			);
			buildRules = (
			);
			dependencies = (
			);
			name = GlobalNewsApp;
			productName = GlobalNewsApp;
			productReference = B8CED3C12A6AE7390090ED54 /* GlobalNewsApp.app */;
			productType = "com.apple.product-type.application";
		};
		B8CED3D62A6AE73B0090ED54 /* GlobalNewsAppTests */ = {
			isa = PBXNativeTarget;
			buildConfigurationList = B8CED3EE2A6AE73B0090ED54 /* Build configuration list for PBXNativeTarget "GlobalNewsAppTests" */;
			buildPhases = (
				B8CED3D32A6AE73B0090ED54 /* Sources */,
				B8CED3D42A6AE73B0090ED54 /* Frameworks */,
				B8CED3D52A6AE73B0090ED54 /* Resources */,
			);
			buildRules = (
			);
			dependencies = (
				B8CED3D92A6AE73B0090ED54 /* PBXTargetDependency */,
			);
			name = GlobalNewsAppTests;
			productName = GlobalNewsAppTests;
			productReference = B8CED3D72A6AE73B0090ED54 /* GlobalNewsAppTests.xctest */;
			productType = "com.apple.product-type.bundle.unit-test";
		};
		B8CED3E02A6AE73B0090ED54 /* GlobalNewsAppUITests */ = {
			isa = PBXNativeTarget;
			buildConfigurationList = B8CED3F12A6AE73B0090ED54 /* Build configuration list for PBXNativeTarget "GlobalNewsAppUITests" */;
			buildPhases = (
				B8CED3DD2A6AE73B0090ED54 /* Sources */,
				B8CED3DE2A6AE73B0090ED54 /* Frameworks */,
				B8CED3DF2A6AE73B0090ED54 /* Resources */,
			);
			buildRules = (
			);
			dependencies = (
				B8CED3E32A6AE73B0090ED54 /* PBXTargetDependency */,
			);
			name = GlobalNewsAppUITests;
			productName = GlobalNewsAppUITests;
			productReference = B8CED3E12A6AE73B0090ED54 /* GlobalNewsAppUITests.xctest */;
			productType = "com.apple.product-type.bundle.ui-testing";
		};
/* End PBXNativeTarget section */

/* Begin PBXProject section */
		B8CED3B92A6AE7390090ED54 /* Project object */ = {
			isa = PBXProject;
			attributes = {
				BuildIndependentTargetsInParallel = 1;
				LastSwiftUpdateCheck = 1420;
				LastUpgradeCheck = 1420;
				TargetAttributes = {
					B8CED3C02A6AE7390090ED54 = {
						CreatedOnToolsVersion = 14.2;
					};
					B8CED3D62A6AE73B0090ED54 = {
						CreatedOnToolsVersion = 14.2;
						TestTargetID = B8CED3C02A6AE7390090ED54;
					};
					B8CED3E02A6AE73B0090ED54 = {
						CreatedOnToolsVersion = 14.2;
						TestTargetID = B8CED3C02A6AE7390090ED54;
					};
				};
			};
			buildConfigurationList = B8CED3BC2A6AE7390090ED54 /* Build configuration list for PBXProject "GlobalNewsApp" */;
			compatibilityVersion = "Xcode 14.0";
			developmentRegion = en;
			hasScannedForEncodings = 0;
			knownRegions = (
				en,
				Base,
			);
			mainGroup = B8CED3B82A6AE7390090ED54;
			productRefGroup = B8CED3C22A6AE7390090ED54 /* Products */;
			projectDirPath = "";
			projectRoot = "";
			targets = (
				B8CED3C02A6AE7390090ED54 /* GlobalNewsApp */,
				B8CED3D62A6AE73B0090ED54 /* GlobalNewsAppTests */,
				B8CED3E02A6AE73B0090ED54 /* GlobalNewsAppUITests */,
			);
		};
/* End PBXProject section */

/* Begin PBXResourcesBuildPhase section */
		B8CED3BF2A6AE7390090ED54 /* Resources */ = {
			isa = PBXResourcesBuildPhase;
			buildActionMask = 2147483647;
			files = (
				B8CED3D12A6AE73B0090ED54 /* LaunchScreen.storyboard in Resources */,
				B8CED3CE2A6AE73B0090ED54 /* Assets.xcassets in Resources */,
				B8CED3CC2A6AE7390090ED54 /* Main.storyboard in Resources */,
			);
			runOnlyForDeploymentPostprocessing = 0;
		};
		B8CED3D52A6AE73B0090ED54 /* Resources */ = {
			isa = PBXResourcesBuildPhase;
			buildActionMask = 2147483647;
			files = (
			);
			runOnlyForDeploymentPostprocessing = 0;
		};
		B8CED3DF2A6AE73B0090ED54 /* Resources */ = {
			isa = PBXResourcesBuildPhase;
			buildActionMask = 2147483647;
			files = (
			);
			runOnlyForDeploymentPostprocessing = 0;
		};
/* End PBXResourcesBuildPhase section */

/* Begin PBXSourcesBuildPhase section */
		B8CED3BD2A6AE7390090ED54 /* Sources */ = {
			isa = PBXSourcesBuildPhase;
			buildActionMask = 2147483647;
			files = (
				B8CED3C92A6AE7390090ED54 /* ViewController.swift in Sources */,
				B8CED3C52A6AE7390090ED54 /* AppDelegate.swift in Sources */,
				B8CED3C72A6AE7390090ED54 /* SceneDelegate.swift in Sources */,
			);
			runOnlyForDeploymentPostprocessing = 0;
		};
		B8CED3D32A6AE73B0090ED54 /* Sources */ = {
			isa = PBXSourcesBuildPhase;
			buildActionMask = 2147483647;
			files = (
				B8CED3DC2A6AE73B0090ED54 /* GlobalNewsAppTests.swift in Sources */,
			);
			runOnlyForDeploymentPostprocessing = 0;
		};
		B8CED3DD2A6AE73B0090ED54 /* Sources */ = {
			isa = PBXSourcesBuildPhase;
			buildActionMask = 2147483647;
			files = (
				B8CED3E82A6AE73B0090ED54 /* GlobalNewsAppUITestsLaunchTests.swift in Sources */,
				B8CED3E62A6AE73B0090ED54 /* GlobalNewsAppUITests.swift in Sources */,
			);
			runOnlyForDeploymentPostprocessing = 0;
		};
/* End PBXSourcesBuildPhase section */

/* Begin PBXTargetDependency section */
		B8CED3D92A6AE73B0090ED54 /* PBXTargetDependency */ = {
			isa = PBXTargetDependency;
			target = B8CED3C02A6AE7390090ED54 /* GlobalNewsApp */;
			targetProxy = B8CED3D82A6AE73B0090ED54 /* PBXContainerItemProxy */;
		};
		B8CED3E32A6AE73B0090ED54 /* PBXTargetDependency */ = {
			isa = PBXTargetDependency;
			target = B8CED3C02A6AE7390090ED54 /* GlobalNewsApp */;
			targetProxy = B8CED3E22A6AE73B0090ED54 /* PBXContainerItemProxy */;
		};
/* End PBXTargetDependency section */

/* Begin PBXVariantGroup section */
		B8CED3CA2A6AE7390090ED54 /* Main.storyboard */ = {
			isa = PBXVariantGroup;
			children = (
				B8CED3CB2A6AE7390090ED54 /* Base */,
			);
			name = Main.storyboard;
			sourceTree = "<group>";
		};
		B8CED3CF2A6AE73B0090ED54 /* LaunchScreen.storyboard */ = {
			isa = PBXVariantGroup;
			children = (
				B8CED3D02A6AE73B0090ED54 /* Base */,
			);
			name = LaunchScreen.storyboard;
			sourceTree = "<group>";
		};
/* End PBXVariantGroup section */

/* Begin XCBuildConfiguration section */
		B8CED3E92A6AE73B0090ED54 /* Debug */ = {
			isa = XCBuildConfiguration;
			buildSettings = {
				ALWAYS_SEARCH_USER_PATHS = NO;
				CLANG_ANALYZER_NONNULL = YES;
				CLANG_ANALYZER_NUMBER_OBJECT_CONVERSION = YES_AGGRESSIVE;
				CLANG_CXX_LANGUAGE_STANDARD = "gnu++20";
				CLANG_ENABLE_MODULES = YES;
				CLANG_ENABLE_OBJC_ARC = YES;
				CLANG_ENABLE_OBJC_WEAK = YES;
				CLANG_WARN_BLOCK_CAPTURE_AUTORELEASING = YES;
				CLANG_WARN_BOOL_CONVERSION = YES;
				CLANG_WARN_COMMA = YES;
				CLANG_WARN_CONSTANT_CONVERSION = YES;
				CLANG_WARN_DEPRECATED_OBJC_IMPLEMENTATIONS = YES;
				CLANG_WARN_DIRECT_OBJC_ISA_USAGE = YES_ERROR;
				CLANG_WARN_DOCUMENTATION_COMMENTS = YES;
				CLANG_WARN_EMPTY_BODY = YES;
				CLANG_WARN_ENUM_CONVERSION = YES;
				CLANG_WARN_INFINITE_RECURSION = YES;
				CLANG_WARN_INT_CONVERSION = YES;
				CLANG_WARN_NON_LITERAL_NULL_CONVERSION = YES;
				CLANG_WARN_OBJC_IMPLICIT_RETAIN_SELF = YES;
				CLANG_WARN_OBJC_LITERAL_CONVERSION = YES;
				CLANG_WARN_OBJC_ROOT_CLASS = YES_ERROR;
				CLANG_WARN_QUOTED_INCLUDE_IN_FRAMEWORK_HEADER = YES;
				CLANG_WARN_RANGE_LOOP_ANALYSIS = YES;
				CLANG_WARN_STRICT_PROTOTYPES = YES;
				CLANG_WARN_SUSPICIOUS_MOVE = YES;
				CLANG_WARN_UNGUARDED_AVAILABILITY = YES_AGGRESSIVE;
				CLANG_WARN_UNREACHABLE_CODE = YES;
				CLANG_WARN__DUPLICATE_METHOD_MATCH = YES;
				COPY_PHASE_STRIP = NO;
				DEBUG_INFORMATION_FORMAT = dwarf;
				ENABLE_STRICT_OBJC_MSGSEND = YES;
				ENABLE_TESTABILITY = YES;
				GCC_C_LANGUAGE_STANDARD = gnu11;
				GCC_DYNAMIC_NO_PIC = NO;
				GCC_NO_COMMON_BLOCKS = YES;
				GCC_OPTIMIZATION_LEVEL = 0;
				GCC_PREPROCESSOR_DEFINITIONS = (
					"DEBUG=1",
					"$(inherited)",
				);
				GCC_WARN_64_TO_32_BIT_CONVERSION = YES;
				GCC_WARN_ABOUT_RETURN_TYPE = YES_ERROR;
				GCC_WARN_UNDECLARED_SELECTOR = YES;
				GCC_WARN_UNINITIALIZED_AUTOS = YES_AGGRESSIVE;
				GCC_WARN_UNUSED_FUNCTION = YES;
				GCC_WARN_UNUSED_VARIABLE = YES;
				IPHONEOS_DEPLOYMENT_TARGET = 16.2;
				MTL_ENABLE_DEBUG_INFO = INCLUDE_SOURCE;
				MTL_FAST_MATH = YES;
				ONLY_ACTIVE_ARCH = YES;
				SDKROOT = iphoneos;
				SWIFT_ACTIVE_COMPILATION_CONDITIONS = DEBUG;
				SWIFT_OPTIMIZATION_LEVEL = "-Onone";
			};
			name = Debug;
		};
		B8CED3EA2A6AE73B0090ED54 /* Release */ = {
			isa = XCBuildConfiguration;
			buildSettings = {
				ALWAYS_SEARCH_USER_PATHS = NO;
				CLANG_ANALYZER_NONNULL = YES;
				CLANG_ANALYZER_NUMBER_OBJECT_CONVERSION = YES_AGGRESSIVE;
				CLANG_CXX_LANGUAGE_STANDARD = "gnu++20";
				CLANG_ENABLE_MODULES = YES;
				CLANG_ENABLE_OBJC_ARC = YES;
				CLANG_ENABLE_OBJC_WEAK = YES;
				CLANG_WARN_BLOCK_CAPTURE_AUTORELEASING = YES;
				CLANG_WARN_BOOL_CONVERSION = YES;
				CLANG_WARN_COMMA = YES;
				CLANG_WARN_CONSTANT_CONVERSION = YES;
				CLANG_WARN_DEPRECATED_OBJC_IMPLEMENTATIONS = YES;
				CLANG_WARN_DIRECT_OBJC_ISA_USAGE = YES_ERROR;
				CLANG_WARN_DOCUMENTATION_COMMENTS = YES;
				CLANG_WARN_EMPTY_BODY = YES;
				CLANG_WARN_ENUM_CONVERSION = YES;
				CLANG_WARN_INFINITE_RECURSION = YES;
				CLANG_WARN_INT_CONVERSION = YES;
				CLANG_WARN_NON_LITERAL_NULL_CONVERSION = YES;
				CLANG_WARN_OBJC_IMPLICIT_RETAIN_SELF = YES;
				CLANG_WARN_OBJC_LITERAL_CONVERSION = YES;
				CLANG_WARN_OBJC_ROOT_CLASS = YES_ERROR;
				CLANG_WARN_QUOTED_INCLUDE_IN_FRAMEWORK_HEADER = YES;
				CLANG_WARN_RANGE_LOOP_ANALYSIS = YES;
				CLANG_WARN_STRICT_PROTOTYPES = YES;
				CLANG_WARN_SUSPICIOUS_MOVE = YES;
				CLANG_WARN_UNGUARDED_AVAILABILITY = YES_AGGRESSIVE;
				CLANG_WARN_UNREACHABLE_CODE = YES;
				CLANG_WARN__DUPLICATE_METHOD_MATCH = YES;
				COPY_PHASE_STRIP = NO;
				DEBUG_INFORMATION_FORMAT = "dwarf-with-dsym";
				ENABLE_NS_ASSERTIONS = NO;
				ENABLE_STRICT_OBJC_MSGSEND = YES;
				GCC_C_LANGUAGE_STANDARD = gnu11;
				GCC_NO_COMMON_BLOCKS = YES;
				GCC_WARN_64_TO_32_BIT_CONVERSION = YES;
				GCC_WARN_ABOUT_RETURN_TYPE = YES_ERROR;
				GCC_WARN_UNDECLARED_SELECTOR = YES;
				GCC_WARN_UNINITIALIZED_AUTOS = YES_AGGRESSIVE;
				GCC_WARN_UNUSED_FUNCTION = YES;
				GCC_WARN_UNUSED_VARIABLE = YES;
				IPHONEOS_DEPLOYMENT_TARGET = 16.2;
				MTL_ENABLE_DEBUG_INFO = NO;
				MTL_FAST_MATH = YES;
				SDKROOT = iphoneos;
				SWIFT_COMPILATION_MODE = wholemodule;
				SWIFT_OPTIMIZATION_LEVEL = "-O";
				VALIDATE_PRODUCT = YES;
			};
			name = Release;
		};
		B8CED3EC2A6AE73B0090ED54 /* Debug */ = {
			isa = XCBuildConfiguration;
			buildSettings = {
				ASSETCATALOG_COMPILER_APPICON_NAME = AppIcon;
				ASSETCATALOG_COMPILER_GLOBAL_ACCENT_COLOR_NAME = AccentColor;
				CODE_SIGN_STYLE = Automatic;
				CURRENT_PROJECT_VERSION = 1;
				DEVELOPMENT_TEAM = FD6TBLZQF4;
				GENERATE_INFOPLIST_FILE = YES;
				INFOPLIST_FILE = GlobalNewsApp/Info.plist;
				INFOPLIST_KEY_UIApplicationSupportsIndirectInputEvents = YES;
				INFOPLIST_KEY_UILaunchStoryboardName = LaunchScreen;
				INFOPLIST_KEY_UIMainStoryboardFile = Main;
				INFOPLIST_KEY_UISupportedInterfaceOrientations_iPad = "UIInterfaceOrientationPortrait UIInterfaceOrientationPortraitUpsideDown UIInterfaceOrientationLandscapeLeft UIInterfaceOrientationLandscapeRight";
				INFOPLIST_KEY_UISupportedInterfaceOrientations_iPhone = "UIInterfaceOrientationPortrait UIInterfaceOrientationLandscapeLeft UIInterfaceOrientationLandscapeRight";
				LD_RUNPATH_SEARCH_PATHS = (
					"$(inherited)",
					"@executable_path/Frameworks",
				);
				MARKETING_VERSION = 1.0;
				PRODUCT_BUNDLE_IDENTIFIER = com.tolgasayan.GlobalNewsApp;
				PRODUCT_NAME = "$(TARGET_NAME)";
				SWIFT_EMIT_LOC_STRINGS = YES;
				SWIFT_VERSION = 5.0;
				TARGETED_DEVICE_FAMILY = "1,2";
			};
			name = Debug;
		};
		B8CED3ED2A6AE73B0090ED54 /* Release */ = {
			isa = XCBuildConfiguration;
			buildSettings = {
				ASSETCATALOG_COMPILER_APPICON_NAME = AppIcon;
				ASSETCATALOG_COMPILER_GLOBAL_ACCENT_COLOR_NAME = AccentColor;
				CODE_SIGN_STYLE = Automatic;
				CURRENT_PROJECT_VERSION = 1;
				DEVELOPMENT_TEAM = FD6TBLZQF4;
				GENERATE_INFOPLIST_FILE = YES;
				INFOPLIST_FILE = GlobalNewsApp/Info.plist;
				INFOPLIST_KEY_UIApplicationSupportsIndirectInputEvents = YES;
				INFOPLIST_KEY_UILaunchStoryboardName = LaunchScreen;
				INFOPLIST_KEY_UIMainStoryboardFile = Main;
				INFOPLIST_KEY_UISupportedInterfaceOrientations_iPad = "UIInterfaceOrientationPortrait UIInterfaceOrientationPortraitUpsideDown UIInterfaceOrientationLandscapeLeft UIInterfaceOrientationLandscapeRight";
				INFOPLIST_KEY_UISupportedInterfaceOrientations_iPhone = "UIInterfaceOrientationPortrait UIInterfaceOrientationLandscapeLeft UIInterfaceOrientationLandscapeRight";
				LD_RUNPATH_SEARCH_PATHS = (
					"$(inherited)",
					"@executable_path/Frameworks",
				);
				MARKETING_VERSION = 1.0;
				PRODUCT_BUNDLE_IDENTIFIER = com.tolgasayan.GlobalNewsApp;
				PRODUCT_NAME = "$(TARGET_NAME)";
				SWIFT_EMIT_LOC_STRINGS = YES;
				SWIFT_VERSION = 5.0;
				TARGETED_DEVICE_FAMILY = "1,2";
			};
			name = Release;
		};
		B8CED3EF2A6AE73B0090ED54 /* Debug */ = {
			isa = XCBuildConfiguration;
			buildSettings = {
				ALWAYS_EMBED_SWIFT_STANDARD_LIBRARIES = YES;
				BUNDLE_LOADER = "$(TEST_HOST)";
				CODE_SIGN_STYLE = Automatic;
				CURRENT_PROJECT_VERSION = 1;
				DEVELOPMENT_TEAM = FD6TBLZQF4;
				GENERATE_INFOPLIST_FILE = YES;
				IPHONEOS_DEPLOYMENT_TARGET = 16.2;
				MARKETING_VERSION = 1.0;
				PRODUCT_BUNDLE_IDENTIFIER = com.tolgasayan.GlobalNewsAppTests;
				PRODUCT_NAME = "$(TARGET_NAME)";
				SWIFT_EMIT_LOC_STRINGS = NO;
				SWIFT_VERSION = 5.0;
				TARGETED_DEVICE_FAMILY = "1,2";
				TEST_HOST = "$(BUILT_PRODUCTS_DIR)/GlobalNewsApp.app/$(BUNDLE_EXECUTABLE_FOLDER_PATH)/GlobalNewsApp";
			};
			name = Debug;
		};
		B8CED3F02A6AE73B0090ED54 /* Release */ = {
			isa = XCBuildConfiguration;
			buildSettings = {
				ALWAYS_EMBED_SWIFT_STANDARD_LIBRARIES = YES;
				BUNDLE_LOADER = "$(TEST_HOST)";
				CODE_SIGN_STYLE = Automatic;
				CURRENT_PROJECT_VERSION = 1;
				DEVELOPMENT_TEAM = FD6TBLZQF4;
				GENERATE_INFOPLIST_FILE = YES;
				IPHONEOS_DEPLOYMENT_TARGET = 16.2;
				MARKETING_VERSION = 1.0;
				PRODUCT_BUNDLE_IDENTIFIER = com.tolgasayan.GlobalNewsAppTests;
				PRODUCT_NAME = "$(TARGET_NAME)";
				SWIFT_EMIT_LOC_STRINGS = NO;
				SWIFT_VERSION = 5.0;
				TARGETED_DEVICE_FAMILY = "1,2";
				TEST_HOST = "$(BUILT_PRODUCTS_DIR)/GlobalNewsApp.app/$(BUNDLE_EXECUTABLE_FOLDER_PATH)/GlobalNewsApp";
			};
			name = Release;
		};
		B8CED3F22A6AE73B0090ED54 /* Debug */ = {
			isa = XCBuildConfiguration;
			buildSettings = {
				ALWAYS_EMBED_SWIFT_STANDARD_LIBRARIES = YES;
				CODE_SIGN_STYLE = Automatic;
				CURRENT_PROJECT_VERSION = 1;
				DEVELOPMENT_TEAM = FD6TBLZQF4;
				GENERATE_INFOPLIST_FILE = YES;
				MARKETING_VERSION = 1.0;
				PRODUCT_BUNDLE_IDENTIFIER = com.tolgasayan.GlobalNewsAppUITests;
				PRODUCT_NAME = "$(TARGET_NAME)";
				SWIFT_EMIT_LOC_STRINGS = NO;
				SWIFT_VERSION = 5.0;
				TARGETED_DEVICE_FAMILY = "1,2";
				TEST_TARGET_NAME = GlobalNewsApp;
			};
			name = Debug;
		};
		B8CED3F32A6AE73B0090ED54 /* Release */ = {
			isa = XCBuildConfiguration;
			buildSettings = {
				ALWAYS_EMBED_SWIFT_STANDARD_LIBRARIES = YES;
				CODE_SIGN_STYLE = Automatic;
				CURRENT_PROJECT_VERSION = 1;
				DEVELOPMENT_TEAM = FD6TBLZQF4;
				GENERATE_INFOPLIST_FILE = YES;
				MARKETING_VERSION = 1.0;
				PRODUCT_BUNDLE_IDENTIFIER = com.tolgasayan.GlobalNewsAppUITests;
				PRODUCT_NAME = "$(TARGET_NAME)";
				SWIFT_EMIT_LOC_STRINGS = NO;
				SWIFT_VERSION = 5.0;
				TARGETED_DEVICE_FAMILY = "1,2";
				TEST_TARGET_NAME = GlobalNewsApp;
			};
			name = Release;
		};
/* End XCBuildConfiguration section */

/* Begin XCConfigurationList section */
		B8CED3BC2A6AE7390090ED54 /* Build configuration list for PBXProject "GlobalNewsApp" */ = {
			isa = XCConfigurationList;
			buildConfigurations = (
				B8CED3E92A6AE73B0090ED54 /* Debug */,
				B8CED3EA2A6AE73B0090ED54 /* Release */,
			);
			defaultConfigurationIsVisible = 0;
			defaultConfigurationName = Release;
		};
		B8CED3EB2A6AE73B0090ED54 /* Build configuration list for PBXNativeTarget "GlobalNewsApp" */ = {
			isa = XCConfigurationList;
			buildConfigurations = (
				B8CED3EC2A6AE73B0090ED54 /* Debug */,
				B8CED3ED2A6AE73B0090ED54 /* Release */,
			);
			defaultConfigurationIsVisible = 0;
			defaultConfigurationName = Release;
		};
		B8CED3EE2A6AE73B0090ED54 /* Build configuration list for PBXNativeTarget "GlobalNewsAppTests" */ = {
			isa = XCConfigurationList;
			buildConfigurations = (
				B8CED3EF2A6AE73B0090ED54 /* Debug */,
				B8CED3F02A6AE73B0090ED54 /* Release */,
			);
			defaultConfigurationIsVisible = 0;
			defaultConfigurationName = Release;
		};
		B8CED3F12A6AE73B0090ED54 /* Build configuration list for PBXNativeTarget "GlobalNewsAppUITests" */ = {
			isa = XCConfigurationList;
			buildConfigurations = (
				B8CED3F22A6AE73B0090ED54 /* Debug */,
				B8CED3F32A6AE73B0090ED54 /* Release */,
			);
			defaultConfigurationIsVisible = 0;
			defaultConfigurationName = Release;
		};
/* End XCConfigurationList section */
	};
	rootObject = B8CED3B92A6AE7390090ED54 /* Project object */;
}
